
Microsoft Visual Studio Solution File, Format Version 12.00
# Visual Studio Version 17
VisualStudioVersion = 17.1.32228.430
MinimumVisualStudioVersion = 10.0.40219.1
Project("{2150E333-8FDC-42A3-9474-1A3956D46DE8}") = "2. Patterns", "2. Patterns", "{6EE0040B-AD11-4675-9802-4EDFACF21024}"
EndProject
Project("{9A19103F-16F7-4668-BE54-9A1E7A4F7556}") = "StrategyPattern", "StrategyPattern\StrategyPattern.csproj", "{ED5F5E05-3E2C-4E7E-A8D6-D6930F58BFDE}"
EndProject
Project("{2150E333-8FDC-42A3-9474-1A3956D46DE8}") = "1. Core", "1. Core", "{D1EC11E7-F039-4715-B72A-1AABD511D1BA}"
EndProject
Project("{9A19103F-16F7-4668-BE54-9A1E7A4F7556}") = "Business", "Business\Business.csproj", "{B5A1CC83-201D-4BF3-AA5A-5C2E2EA30564}"
EndProject
Project("{2150E333-8FDC-42A3-9474-1A3956D46DE8}") = "3. Adapters", "3. Adapters", "{A851C61C-7A44-4C1B-9312-FB72E49275C3}"
EndProject
Project("{9A19103F-16F7-4668-BE54-9A1E7A4F7556}") = "API", "API\API.csproj", "{73B3EF1C-38BC-4A78-ADB7-9B5DC73FAAFA}"
EndProject
Project("{9A19103F-16F7-4668-BE54-9A1E7A4F7556}") = "DesignPatterns", "DesignPatterns\DesignPatterns.csproj", "{B39895AB-D39E-4B5E-A9A0-0CCAEC8BDDAD}"
EndProject
Project("{9A19103F-16F7-4668-BE54-9A1E7A4F7556}") = "SingletonPattern", "SingletonPattern\SingletonPattern.csproj", "{95C51D7A-E718-454D-A018-68B4DC896B6F}"
EndProject
Project("{9A19103F-16F7-4668-BE54-9A1E7A4F7556}") = "DesignPatternsTest", "DesignPatternsTest\DesignPatternsTest.csproj", "{E067329F-8D4E-4072-90D1-D4EBCE56EBD8}"
EndProject
Project("{9A19103F-16F7-4668-BE54-9A1E7A4F7556}") = "Tools", "Tools\Tools.csproj", "{F81BE944-033B-48F7-A541-DCDCDB45EC94}"
EndProject
Project("{9A19103F-16F7-4668-BE54-9A1E7A4F7556}") = "CommandPattern", "CommandPattern\CommandPattern.csproj", "{F0FE0D58-C53D-4426-9065-59B4FBF01846}"
EndProject
Project("{9A19103F-16F7-4668-BE54-9A1E7A4F7556}") = "BridgePattern", "BridgePattern\BridgePattern.csproj", "{4AF994F8-4813-4DC9-9612-FAFBC0A8B154}"
EndProject
Project("{9A19103F-16F7-4668-BE54-9A1E7A4F7556}") = "NullObjectPattern", "NullObjectPattern\NullObjectPattern.csproj", "{6263E636-895E-4BA2-A54B-83FE1849A0D2}"
EndProject
Project("{9A19103F-16F7-4668-BE54-9A1E7A4F7556}") = "SpecificationPattern", "SpecificationPattern\SpecificationPattern.csproj", "{16CA410D-8F68-41DE-87D3-DD13B8246840}"
EndProject
Project("{9A19103F-16F7-4668-BE54-9A1E7A4F7556}") = "TestingCode", "TestingCode\TestingCode.csproj", "{5FEF86CA-03C1-4EBF-9FCD-81B9FC651EC5}"
EndProject
Project("{2150E333-8FDC-42A3-9474-1A3956D46DE8}") = "4. DataStructures", "4. DataStructures", "{FECD8D88-00EE-4A4D-BED3-5FA4C8C4EF02}"
EndProject
Project("{9A19103F-16F7-4668-BE54-9A1E7A4F7556}") = "DataStructures", "DataStructures\DataStructures.csproj", "{43103510-33AB-4441-B6BD-B2BE00584FB7}"
EndProject
Project("{2150E333-8FDC-42A3-9474-1A3956D46DE8}") = "5. AsyncrhronousProgramming", "5. AsyncrhronousProgramming", "{BF88AA3E-BD96-48E9-95DB-1D466D93122C}"
EndProject
Project("{9A19103F-16F7-4668-BE54-9A1E7A4F7556}") = "AsynchronousProgramming", "AsynchronousProgramming\AsynchronousProgramming.csproj", "{02A8AE56-22E5-4519-943C-9FE340F4932C}"
EndProject
Project("{2150E333-8FDC-42A3-9474-1A3956D46DE8}") = "6. Testing", "6. Testing", "{F3A9D698-291A-4A0B-BCD2-8A70BA779E91}"
EndProject
Project("{FAE04EC0-301F-11D3-BF4B-00C04F79EFBC}") = "MockingWithMoq4", "MockingWithMoq4\MockingWithMoq4.csproj", "{E418AB57-8CCE-4358-B3DA-8B7F597EA8D5}"
EndProject
Global
	GlobalSection(SolutionConfigurationPlatforms) = preSolution
		Debug|Any CPU = Debug|Any CPU
		Release|Any CPU = Release|Any CPU
	EndGlobalSection
	GlobalSection(ProjectConfigurationPlatforms) = postSolution
		{ED5F5E05-3E2C-4E7E-A8D6-D6930F58BFDE}.Debug|Any CPU.ActiveCfg = Debug|Any CPU
		{ED5F5E05-3E2C-4E7E-A8D6-D6930F58BFDE}.Debug|Any CPU.Build.0 = Debug|Any CPU
		{ED5F5E05-3E2C-4E7E-A8D6-D6930F58BFDE}.Release|Any CPU.ActiveCfg = Release|Any CPU
		{ED5F5E05-3E2C-4E7E-A8D6-D6930F58BFDE}.Release|Any CPU.Build.0 = Release|Any CPU
		{B5A1CC83-201D-4BF3-AA5A-5C2E2EA30564}.Debug|Any CPU.ActiveCfg = Debug|Any CPU
		{B5A1CC83-201D-4BF3-AA5A-5C2E2EA30564}.Debug|Any CPU.Build.0 = Debug|Any CPU
		{B5A1CC83-201D-4BF3-AA5A-5C2E2EA30564}.Release|Any CPU.ActiveCfg = Release|Any CPU
		{B5A1CC83-201D-4BF3-AA5A-5C2E2EA30564}.Release|Any CPU.Build.0 = Release|Any CPU
		{73B3EF1C-38BC-4A78-ADB7-9B5DC73FAAFA}.Debug|Any CPU.ActiveCfg = Debug|Any CPU
		{73B3EF1C-38BC-4A78-ADB7-9B5DC73FAAFA}.Debug|Any CPU.Build.0 = Debug|Any CPU
		{73B3EF1C-38BC-4A78-ADB7-9B5DC73FAAFA}.Release|Any CPU.ActiveCfg = Release|Any CPU
		{73B3EF1C-38BC-4A78-ADB7-9B5DC73FAAFA}.Release|Any CPU.Build.0 = Release|Any CPU
		{B39895AB-D39E-4B5E-A9A0-0CCAEC8BDDAD}.Debug|Any CPU.ActiveCfg = Debug|Any CPU
		{B39895AB-D39E-4B5E-A9A0-0CCAEC8BDDAD}.Debug|Any CPU.Build.0 = Debug|Any CPU
		{B39895AB-D39E-4B5E-A9A0-0CCAEC8BDDAD}.Release|Any CPU.ActiveCfg = Release|Any CPU
		{B39895AB-D39E-4B5E-A9A0-0CCAEC8BDDAD}.Release|Any CPU.Build.0 = Release|Any CPU
		{95C51D7A-E718-454D-A018-68B4DC896B6F}.Debug|Any CPU.ActiveCfg = Debug|Any CPU
		{95C51D7A-E718-454D-A018-68B4DC896B6F}.Debug|Any CPU.Build.0 = Debug|Any CPU
		{95C51D7A-E718-454D-A018-68B4DC896B6F}.Release|Any CPU.ActiveCfg = Release|Any CPU
		{95C51D7A-E718-454D-A018-68B4DC896B6F}.Release|Any CPU.Build.0 = Release|Any CPU
		{E067329F-8D4E-4072-90D1-D4EBCE56EBD8}.Debug|Any CPU.ActiveCfg = Debug|Any CPU
		{E067329F-8D4E-4072-90D1-D4EBCE56EBD8}.Debug|Any CPU.Build.0 = Debug|Any CPU
		{E067329F-8D4E-4072-90D1-D4EBCE56EBD8}.Release|Any CPU.ActiveCfg = Release|Any CPU
		{E067329F-8D4E-4072-90D1-D4EBCE56EBD8}.Release|Any CPU.Build.0 = Release|Any CPU
		{F81BE944-033B-48F7-A541-DCDCDB45EC94}.Debug|Any CPU.ActiveCfg = Debug|Any CPU
		{F81BE944-033B-48F7-A541-DCDCDB45EC94}.Debug|Any CPU.Build.0 = Debug|Any CPU
		{F81BE944-033B-48F7-A541-DCDCDB45EC94}.Release|Any CPU.ActiveCfg = Release|Any CPU
		{F81BE944-033B-48F7-A541-DCDCDB45EC94}.Release|Any CPU.Build.0 = Release|Any CPU
		{F0FE0D58-C53D-4426-9065-59B4FBF01846}.Debug|Any CPU.ActiveCfg = Debug|Any CPU
		{F0FE0D58-C53D-4426-9065-59B4FBF01846}.Debug|Any CPU.Build.0 = Debug|Any CPU
		{F0FE0D58-C53D-4426-9065-59B4FBF01846}.Release|Any CPU.ActiveCfg = Release|Any CPU
		{F0FE0D58-C53D-4426-9065-59B4FBF01846}.Release|Any CPU.Build.0 = Release|Any CPU
		{4AF994F8-4813-4DC9-9612-FAFBC0A8B154}.Debug|Any CPU.ActiveCfg = Debug|Any CPU
		{4AF994F8-4813-4DC9-9612-FAFBC0A8B154}.Debug|Any CPU.Build.0 = Debug|Any CPU
		{4AF994F8-4813-4DC9-9612-FAFBC0A8B154}.Release|Any CPU.ActiveCfg = Release|Any CPU
		{4AF994F8-4813-4DC9-9612-FAFBC0A8B154}.Release|Any CPU.Build.0 = Release|Any CPU
		{6263E636-895E-4BA2-A54B-83FE1849A0D2}.Debug|Any CPU.ActiveCfg = Debug|Any CPU
		{6263E636-895E-4BA2-A54B-83FE1849A0D2}.Debug|Any CPU.Build.0 = Debug|Any CPU
		{6263E636-895E-4BA2-A54B-83FE1849A0D2}.Release|Any CPU.ActiveCfg = Release|Any CPU
		{6263E636-895E-4BA2-A54B-83FE1849A0D2}.Release|Any CPU.Build.0 = Release|Any CPU
		{16CA410D-8F68-41DE-87D3-DD13B8246840}.Debug|Any CPU.ActiveCfg = Debug|Any CPU
		{16CA410D-8F68-41DE-87D3-DD13B8246840}.Debug|Any CPU.Build.0 = Debug|Any CPU
		{16CA410D-8F68-41DE-87D3-DD13B8246840}.Release|Any CPU.ActiveCfg = Release|Any CPU
		{16CA410D-8F68-41DE-87D3-DD13B8246840}.Release|Any CPU.Build.0 = Release|Any CPU
		{5FEF86CA-03C1-4EBF-9FCD-81B9FC651EC5}.Debug|Any CPU.ActiveCfg = Debug|Any CPU
		{5FEF86CA-03C1-4EBF-9FCD-81B9FC651EC5}.Debug|Any CPU.Build.0 = Debug|Any CPU
		{5FEF86CA-03C1-4EBF-9FCD-81B9FC651EC5}.Release|Any CPU.ActiveCfg = Release|Any CPU
		{5FEF86CA-03C1-4EBF-9FCD-81B9FC651EC5}.Release|Any CPU.Build.0 = Release|Any CPU
		{43103510-33AB-4441-B6BD-B2BE00584FB7}.Debug|Any CPU.ActiveCfg = Debug|Any CPU
		{43103510-33AB-4441-B6BD-B2BE00584FB7}.Debug|Any CPU.Build.0 = Debug|Any CPU
		{43103510-33AB-4441-B6BD-B2BE00584FB7}.Release|Any CPU.ActiveCfg = Release|Any CPU
		{43103510-33AB-4441-B6BD-B2BE00584FB7}.Release|Any CPU.Build.0 = Release|Any CPU
		{02A8AE56-22E5-4519-943C-9FE340F4932C}.Debug|Any CPU.ActiveCfg = Debug|Any CPU
		{02A8AE56-22E5-4519-943C-9FE340F4932C}.Debug|Any CPU.Build.0 = Debug|Any CPU
		{02A8AE56-22E5-4519-943C-9FE340F4932C}.Release|Any CPU.ActiveCfg = Release|Any CPU
		{02A8AE56-22E5-4519-943C-9FE340F4932C}.Release|Any CPU.Build.0 = Release|Any CPU
		{E418AB57-8CCE-4358-B3DA-8B7F597EA8D5}.Debug|Any CPU.ActiveCfg = Debug|Any CPU
		{E418AB57-8CCE-4358-B3DA-8B7F597EA8D5}.Debug|Any CPU.Build.0 = Debug|Any CPU
		{E418AB57-8CCE-4358-B3DA-8B7F597EA8D5}.Release|Any CPU.ActiveCfg = Release|Any CPU
		{E418AB57-8CCE-4358-B3DA-8B7F597EA8D5}.Release|Any CPU.Build.0 = Release|Any CPU
	EndGlobalSection
	GlobalSection(SolutionProperties) = preSolution
		HideSolutionNode = FALSE
	EndGlobalSection
	GlobalSection(NestedProjects) = preSolution
		{ED5F5E05-3E2C-4E7E-A8D6-D6930F58BFDE} = {6EE0040B-AD11-4675-9802-4EDFACF21024}
		{B5A1CC83-201D-4BF3-AA5A-5C2E2EA30564} = {D1EC11E7-F039-4715-B72A-1AABD511D1BA}
		{73B3EF1C-38BC-4A78-ADB7-9B5DC73FAAFA} = {A851C61C-7A44-4C1B-9312-FB72E49275C3}
		{95C51D7A-E718-454D-A018-68B4DC896B6F} = {6EE0040B-AD11-4675-9802-4EDFACF21024}
		{E067329F-8D4E-4072-90D1-D4EBCE56EBD8} = {F3A9D698-291A-4A0B-BCD2-8A70BA779E91}
		{F81BE944-033B-48F7-A541-DCDCDB45EC94} = {D1EC11E7-F039-4715-B72A-1AABD511D1BA}
		{F0FE0D58-C53D-4426-9065-59B4FBF01846} = {6EE0040B-AD11-4675-9802-4EDFACF21024}
		{4AF994F8-4813-4DC9-9612-FAFBC0A8B154} = {6EE0040B-AD11-4675-9802-4EDFACF21024}
		{6263E636-895E-4BA2-A54B-83FE1849A0D2} = {6EE0040B-AD11-4675-9802-4EDFACF21024}
		{16CA410D-8F68-41DE-87D3-DD13B8246840} = {6EE0040B-AD11-4675-9802-4EDFACF21024}
		{5FEF86CA-03C1-4EBF-9FCD-81B9FC651EC5} = {F3A9D698-291A-4A0B-BCD2-8A70BA779E91}
		{43103510-33AB-4441-B6BD-B2BE00584FB7} = {FECD8D88-00EE-4A4D-BED3-5FA4C8C4EF02}
		{02A8AE56-22E5-4519-943C-9FE340F4932C} = {BF88AA3E-BD96-48E9-95DB-1D466D93122C}
		{E418AB57-8CCE-4358-B3DA-8B7F597EA8D5} = {F3A9D698-291A-4A0B-BCD2-8A70BA779E91}
	EndGlobalSection
	GlobalSection(ExtensibilityGlobals) = postSolution
		SolutionGuid = {CAF34509-3900-472D-AF73-CC4344F6FAB1}
	EndGlobalSection
EndGlobal
